
Microsoft Visual Studio Solution File, Format Version 12.00
# Visual Studio Version 17
VisualStudioVersion = 17.3.32929.385
MinimumVisualStudioVersion = 10.0.40219.1
Project("{2150E333-8FDC-42A3-9474-1A3956D46DE8}") = "CQRS.Common", "CQRS.Common", "{988AC464-9794-4F8A-8922-46CFA001B8F8}"
EndProject
Project("{9A19103F-16F7-4668-BE54-9A1E7A4F7556}") = "CQRS.Core", "CQRS.Core\CQRS.Core.csproj", "{1D3D71C1-6E8C-473D-A928-A0BD4DA87AF7}"
EndProject
Project("{2150E333-8FDC-42A3-9474-1A3956D46DE8}") = "CQRS.Nemo", "CQRS.Nemo", "{EF647EBF-58DE-4677-AEB9-AF8C3A9FE7E0}"
EndProject
Project("{2150E333-8FDC-42A3-9474-1A3956D46DE8}") = "Nemo.Cmd", "Nemo.Cmd", "{10778DDC-05AC-4F1B-90BC-D8BB4587411C}"
EndProject
Project("{2150E333-8FDC-42A3-9474-1A3956D46DE8}") = "Nemo.Query", "Nemo.Query", "{E3E03181-0AD9-4982-8CCF-0C065EE7857B}"
EndProject
Project("{9A19103F-16F7-4668-BE54-9A1E7A4F7556}") = "Nemo.Cmd.Api", "Nemo.Cmd.Api\Nemo.Cmd.Api.csproj", "{97AFB27B-EC3F-4140-9D96-AD5702375E5C}"
EndProject
Project("{9A19103F-16F7-4668-BE54-9A1E7A4F7556}") = "Nemo.Cmd.Domain", "Nemo.Cmd.Domain\Nemo.Cmd.Domain.csproj", "{EC294B04-49B2-41AA-9B3A-3FB40AF3F87C}"
EndProject
Project("{9A19103F-16F7-4668-BE54-9A1E7A4F7556}") = "Nemo.Cmd.Infratructure", "Nemo.Cmd.Infratructure\Nemo.Cmd.Infratructure.csproj", "{B94BA46B-2A22-417F-88D5-69F588F6B5FA}"
EndProject
Project("{9A19103F-16F7-4668-BE54-9A1E7A4F7556}") = "Nemo.Query.Api", "Nemo.Query.Api\Nemo.Query.Api.csproj", "{14D7482C-A501-4209-A667-B13E7D865904}"
EndProject
Project("{9A19103F-16F7-4668-BE54-9A1E7A4F7556}") = "Nemo.Query.Domain", "Nemo.Query.Domain\Nemo.Query.Domain.csproj", "{507371D6-F0A3-43D4-A25D-E09A90A5F379}"
EndProject
Project("{9A19103F-16F7-4668-BE54-9A1E7A4F7556}") = "Nemo.Query.Infratructure", "Nemo.Query.Infratructure\Nemo.Query.Infratructure.csproj", "{24352E71-C5CC-4A4D-BBCA-E5C3A35B289A}"
EndProject
Project("{2150E333-8FDC-42A3-9474-1A3956D46DE8}") = "Nemo.Common", "Nemo.Common", "{E55C37CF-93A2-4E5F-B962-A860CB95F76C}"
EndProject
Project("{FAE04EC0-301F-11D3-BF4B-00C04F79EFBC}") = "Nemo.Common", "Nemo.Common\Nemo.Common.csproj", "{E673D965-2ACE-4AFC-931B-E3CB19CB374E}"
EndProject
Global
	GlobalSection(SolutionConfigurationPlatforms) = preSolution
		Debug|Any CPU = Debug|Any CPU
		Release|Any CPU = Release|Any CPU
	EndGlobalSection
	GlobalSection(ProjectConfigurationPlatforms) = postSolution
		{1D3D71C1-6E8C-473D-A928-A0BD4DA87AF7}.Debug|Any CPU.ActiveCfg = Debug|Any CPU
		{1D3D71C1-6E8C-473D-A928-A0BD4DA87AF7}.Debug|Any CPU.Build.0 = Debug|Any CPU
		{1D3D71C1-6E8C-473D-A928-A0BD4DA87AF7}.Release|Any CPU.ActiveCfg = Release|Any CPU
		{1D3D71C1-6E8C-473D-A928-A0BD4DA87AF7}.Release|Any CPU.Build.0 = Release|Any CPU
		{97AFB27B-EC3F-4140-9D96-AD5702375E5C}.Debug|Any CPU.ActiveCfg = Debug|Any CPU
		{97AFB27B-EC3F-4140-9D96-AD5702375E5C}.Debug|Any CPU.Build.0 = Debug|Any CPU
		{97AFB27B-EC3F-4140-9D96-AD5702375E5C}.Release|Any CPU.ActiveCfg = Release|Any CPU
		{97AFB27B-EC3F-4140-9D96-AD5702375E5C}.Release|Any CPU.Build.0 = Release|Any CPU
		{EC294B04-49B2-41AA-9B3A-3FB40AF3F87C}.Debug|Any CPU.ActiveCfg = Debug|Any CPU
		{EC294B04-49B2-41AA-9B3A-3FB40AF3F87C}.Debug|Any CPU.Build.0 = Debug|Any CPU
		{EC294B04-49B2-41AA-9B3A-3FB40AF3F87C}.Release|Any CPU.ActiveCfg = Release|Any CPU
		{EC294B04-49B2-41AA-9B3A-3FB40AF3F87C}.Release|Any CPU.Build.0 = Release|Any CPU
		{B94BA46B-2A22-417F-88D5-69F588F6B5FA}.Debug|Any CPU.ActiveCfg = Debug|Any CPU
		{B94BA46B-2A22-417F-88D5-69F588F6B5FA}.Debug|Any CPU.Build.0 = Debug|Any CPU
		{B94BA46B-2A22-417F-88D5-69F588F6B5FA}.Release|Any CPU.ActiveCfg = Release|Any CPU
		{B94BA46B-2A22-417F-88D5-69F588F6B5FA}.Release|Any CPU.Build.0 = Release|Any CPU
		{14D7482C-A501-4209-A667-B13E7D865904}.Debug|Any CPU.ActiveCfg = Debug|Any CPU
		{14D7482C-A501-4209-A667-B13E7D865904}.Debug|Any CPU.Build.0 = Debug|Any CPU
		{14D7482C-A501-4209-A667-B13E7D865904}.Release|Any CPU.ActiveCfg = Release|Any CPU
		{14D7482C-A501-4209-A667-B13E7D865904}.Release|Any CPU.Build.0 = Release|Any CPU
		{507371D6-F0A3-43D4-A25D-E09A90A5F379}.Debug|Any CPU.ActiveCfg = Debug|Any CPU
		{507371D6-F0A3-43D4-A25D-E09A90A5F379}.Debug|Any CPU.Build.0 = Debug|Any CPU
		{507371D6-F0A3-43D4-A25D-E09A90A5F379}.Release|Any CPU.ActiveCfg = Release|Any CPU
		{507371D6-F0A3-43D4-A25D-E09A90A5F379}.Release|Any CPU.Build.0 = Release|Any CPU
		{24352E71-C5CC-4A4D-BBCA-E5C3A35B289A}.Debug|Any CPU.ActiveCfg = Debug|Any CPU
		{24352E71-C5CC-4A4D-BBCA-E5C3A35B289A}.Debug|Any CPU.Build.0 = Debug|Any CPU
		{24352E71-C5CC-4A4D-BBCA-E5C3A35B289A}.Release|Any CPU.ActiveCfg = Release|Any CPU
		{24352E71-C5CC-4A4D-BBCA-E5C3A35B289A}.Release|Any CPU.Build.0 = Release|Any CPU
		{E673D965-2ACE-4AFC-931B-E3CB19CB374E}.Debug|Any CPU.ActiveCfg = Debug|Any CPU
		{E673D965-2ACE-4AFC-931B-E3CB19CB374E}.Debug|Any CPU.Build.0 = Debug|Any CPU
		{E673D965-2ACE-4AFC-931B-E3CB19CB374E}.Release|Any CPU.ActiveCfg = Release|Any CPU
		{E673D965-2ACE-4AFC-931B-E3CB19CB374E}.Release|Any CPU.Build.0 = Release|Any CPU
	EndGlobalSection
	GlobalSection(SolutionProperties) = preSolution
		HideSolutionNode = FALSE
	EndGlobalSection
	GlobalSection(NestedProjects) = preSolution
		{1D3D71C1-6E8C-473D-A928-A0BD4DA87AF7} = {988AC464-9794-4F8A-8922-46CFA001B8F8}
		{10778DDC-05AC-4F1B-90BC-D8BB4587411C} = {EF647EBF-58DE-4677-AEB9-AF8C3A9FE7E0}
		{E3E03181-0AD9-4982-8CCF-0C065EE7857B} = {EF647EBF-58DE-4677-AEB9-AF8C3A9FE7E0}
		{97AFB27B-EC3F-4140-9D96-AD5702375E5C} = {10778DDC-05AC-4F1B-90BC-D8BB4587411C}
		{EC294B04-49B2-41AA-9B3A-3FB40AF3F87C} = {10778DDC-05AC-4F1B-90BC-D8BB4587411C}
		{B94BA46B-2A22-417F-88D5-69F588F6B5FA} = {10778DDC-05AC-4F1B-90BC-D8BB4587411C}
		{14D7482C-A501-4209-A667-B13E7D865904} = {E3E03181-0AD9-4982-8CCF-0C065EE7857B}
		{507371D6-F0A3-43D4-A25D-E09A90A5F379} = {E3E03181-0AD9-4982-8CCF-0C065EE7857B}
		{24352E71-C5CC-4A4D-BBCA-E5C3A35B289A} = {E3E03181-0AD9-4982-8CCF-0C065EE7857B}
		{E55C37CF-93A2-4E5F-B962-A860CB95F76C} = {EF647EBF-58DE-4677-AEB9-AF8C3A9FE7E0}
		{E673D965-2ACE-4AFC-931B-E3CB19CB374E} = {E55C37CF-93A2-4E5F-B962-A860CB95F76C}
	EndGlobalSection
	GlobalSection(ExtensibilityGlobals) = postSolution
		SolutionGuid = {5E493764-03FB-4E82-8E47-4ECA6B6FD5FC}
	EndGlobalSection
EndGlobal
